
Microsoft Visual Studio Solution File, Format Version 12.00
# Visual Studio Version 16
VisualStudioVersion = 16.0.31613.86
MinimumVisualStudioVersion = 10.0.40219.1
Project("{FAE04EC0-301F-11D3-BF4B-00C04F79EFBC}") = "IcoGenerator", "IcoGenerator.csproj", "{806D2290-DFBB-4A66-946A-C1AF3824E679}"
EndProject
Project("{2150E333-8FDC-42A3-9474-1A3956D46DE8}") = "Solution Items", "Solution Items", "{308D8781-0EA1-4B32-864C-3328A2A2D411}"
	ProjectSection(SolutionItems) = preProject
		.gitattributes = .gitattributes
		.gitignore = .gitignore
		Intro.png = Intro.png
		README.md = README.md
	EndProjectSection
EndProject
Global
	GlobalSection(SolutionConfigurationPlatforms) = preSolution
		Debug|Any CPU = Debug|Any CPU
		Release|Any CPU = Release|Any CPU
	EndGlobalSection
	GlobalSection(ProjectConfigurationPlatforms) = postSolution
		{806D2290-DFBB-4A66-946A-C1AF3824E679}.Debug|Any CPU.ActiveCfg = Debug|Any CPU
		{806D2290-DFBB-4A66-946A-C1AF3824E679}.Debug|Any CPU.Build.0 = Debug|Any CPU
		{806D2290-DFBB-4A66-946A-C1AF3824E679}.Release|Any CPU.ActiveCfg = Release|Any CPU
		{806D2290-DFBB-4A66-946A-C1AF3824E679}.Release|Any CPU.Build.0 = Release|Any CPU
	EndGlobalSection
	GlobalSection(SolutionProperties) = preSolution
		{4FDBCE3C-7021-49AA-B2FD-5A47263BFD43} = {308D8781-0EA1-4B32-864C-3328A2A2D411}
	EndGlobalSection
	GlobalSection(ExtensibilityGlobals) = postSolution
		SolutionGuid = {3A94F9B7-890B-4C2A-87DD-DF6164F13897}
	EndGlobalSection
EndGlobal
